
Microsoft Visual Studio Solution File, Format Version 12.00
# Visual Studio Version 16
VisualStudioVersion = 16.0.30523.141
MinimumVisualStudioVersion = 10.0.40219.1
Project("{2150E333-8FDC-42A3-9474-1A3956D46DE8}") = "1- Web", "1- Web", "{3635748B-221B-4BB9-886F-8B5D9F69ED20}"
EndProject
Project("{2150E333-8FDC-42A3-9474-1A3956D46DE8}") = "2- Application", "2- Application", "{F5A27CA2-E56E-4D99-ADA2-708F64A0A15D}"
EndProject
Project("{2150E333-8FDC-42A3-9474-1A3956D46DE8}") = "3- Domain", "3- Domain", "{7F808910-45B3-43CC-B3D1-BE585539E268}"
EndProject
Project("{2150E333-8FDC-42A3-9474-1A3956D46DE8}") = "4- Infra", "4- Infra", "{FC96689A-DF9F-4A1F-9914-515BB029DBBB}"
EndProject
Project("{2150E333-8FDC-42A3-9474-1A3956D46DE8}") = "4.1- Data", "4.1- Data", "{20939E90-7FF0-4CC8-B9FD-EEE213146893}"
EndProject
Project("{2150E333-8FDC-42A3-9474-1A3956D46DE8}") = "4.2 -CrossCutting", "4.2 -CrossCutting", "{94B7934E-5662-402B-9C47-5D8193E11C27}"
EndProject
Project("{FAE04EC0-301F-11D3-BF4B-00C04F79EFBC}") = "RickLocalization.Domain", "RickLocalization.Domain\RickLocalization.Domain.csproj", "{5A191478-FB69-47A7-B55C-8CC416205162}"
EndProject
Project("{FAE04EC0-301F-11D3-BF4B-00C04F79EFBC}") = "RickLocalization.Data", "RickLocalization.Data\RickLocalization.Data.csproj", "{E056C9A4-ADED-43C2-A5FC-695A98FF39C2}"
EndProject
Project("{FAE04EC0-301F-11D3-BF4B-00C04F79EFBC}") = "RickLocalization.CrossCutting", "RickLocalization.CrossCutting\RickLocalization.CrossCutting.csproj", "{ED4E9934-8D5A-43D5-8BFE-00197C70B898}"
EndProject
Project("{9A19103F-16F7-4668-BE54-9A1E7A4F7556}") = "RickLocalization.Application", "RickLozalization.Application\RickLocalization.Application.csproj", "{A144054C-0429-4FDE-A546-CE41E3B3A757}"
EndProject
Project("{9A19103F-16F7-4668-BE54-9A1E7A4F7556}") = "RickLocalization.API", "RickLocalization.API\RickLocalization.API.csproj", "{C9C069B2-A777-4B58-A677-B23AE43313E5}"
EndProject
Global
	GlobalSection(SolutionConfigurationPlatforms) = preSolution
		Debug|Any CPU = Debug|Any CPU
		Release|Any CPU = Release|Any CPU
	EndGlobalSection
	GlobalSection(ProjectConfigurationPlatforms) = postSolution
		{5A191478-FB69-47A7-B55C-8CC416205162}.Debug|Any CPU.ActiveCfg = Debug|Any CPU
		{5A191478-FB69-47A7-B55C-8CC416205162}.Debug|Any CPU.Build.0 = Debug|Any CPU
		{5A191478-FB69-47A7-B55C-8CC416205162}.Release|Any CPU.ActiveCfg = Release|Any CPU
		{5A191478-FB69-47A7-B55C-8CC416205162}.Release|Any CPU.Build.0 = Release|Any CPU
		{E056C9A4-ADED-43C2-A5FC-695A98FF39C2}.Debug|Any CPU.ActiveCfg = Debug|Any CPU
		{E056C9A4-ADED-43C2-A5FC-695A98FF39C2}.Debug|Any CPU.Build.0 = Debug|Any CPU
		{E056C9A4-ADED-43C2-A5FC-695A98FF39C2}.Release|Any CPU.ActiveCfg = Release|Any CPU
		{E056C9A4-ADED-43C2-A5FC-695A98FF39C2}.Release|Any CPU.Build.0 = Release|Any CPU
		{ED4E9934-8D5A-43D5-8BFE-00197C70B898}.Debug|Any CPU.ActiveCfg = Debug|Any CPU
		{ED4E9934-8D5A-43D5-8BFE-00197C70B898}.Debug|Any CPU.Build.0 = Debug|Any CPU
		{ED4E9934-8D5A-43D5-8BFE-00197C70B898}.Release|Any CPU.ActiveCfg = Release|Any CPU
		{ED4E9934-8D5A-43D5-8BFE-00197C70B898}.Release|Any CPU.Build.0 = Release|Any CPU
		{A144054C-0429-4FDE-A546-CE41E3B3A757}.Debug|Any CPU.ActiveCfg = Debug|Any CPU
		{A144054C-0429-4FDE-A546-CE41E3B3A757}.Debug|Any CPU.Build.0 = Debug|Any CPU
		{A144054C-0429-4FDE-A546-CE41E3B3A757}.Release|Any CPU.ActiveCfg = Release|Any CPU
		{A144054C-0429-4FDE-A546-CE41E3B3A757}.Release|Any CPU.Build.0 = Release|Any CPU
		{C9C069B2-A777-4B58-A677-B23AE43313E5}.Debug|Any CPU.ActiveCfg = Debug|Any CPU
		{C9C069B2-A777-4B58-A677-B23AE43313E5}.Debug|Any CPU.Build.0 = Debug|Any CPU
		{C9C069B2-A777-4B58-A677-B23AE43313E5}.Release|Any CPU.ActiveCfg = Release|Any CPU
		{C9C069B2-A777-4B58-A677-B23AE43313E5}.Release|Any CPU.Build.0 = Release|Any CPU
	EndGlobalSection
	GlobalSection(SolutionProperties) = preSolution
		HideSolutionNode = FALSE
	EndGlobalSection
	GlobalSection(NestedProjects) = preSolution
		{20939E90-7FF0-4CC8-B9FD-EEE213146893} = {FC96689A-DF9F-4A1F-9914-515BB029DBBB}
		{94B7934E-5662-402B-9C47-5D8193E11C27} = {FC96689A-DF9F-4A1F-9914-515BB029DBBB}
		{5A191478-FB69-47A7-B55C-8CC416205162} = {7F808910-45B3-43CC-B3D1-BE585539E268}
		{E056C9A4-ADED-43C2-A5FC-695A98FF39C2} = {20939E90-7FF0-4CC8-B9FD-EEE213146893}
		{ED4E9934-8D5A-43D5-8BFE-00197C70B898} = {94B7934E-5662-402B-9C47-5D8193E11C27}
		{A144054C-0429-4FDE-A546-CE41E3B3A757} = {F5A27CA2-E56E-4D99-ADA2-708F64A0A15D}
		{C9C069B2-A777-4B58-A677-B23AE43313E5} = {3635748B-221B-4BB9-886F-8B5D9F69ED20}
	EndGlobalSection
	GlobalSection(ExtensibilityGlobals) = postSolution
		SolutionGuid = {CC52759B-0D64-4D9D-8278-201F679F5A09}
	EndGlobalSection
EndGlobal
